
Microsoft Visual Studio Solution File, Format Version 12.00
# Visual Studio 2013
VisualStudioVersion = 12.0.30723.0
MinimumVisualStudioVersion = 10.0.40219.1
Project("{FAE04EC0-301F-11D3-BF4B-00C04F79EFBC}") = "ExamSystem.Backend.Models", "ExamSystem.Backend.Models\ExamSystem.Backend.Models.csproj", "{A7D7B205-9EDB-4A51-A37A-BE7DAFDFC09F}"
EndProject
Project("{FAE04EC0-301F-11D3-BF4B-00C04F79EFBC}") = "ExamSystem.Backend.Web", "ExamSystem.Backend.Web\ExamSystem.Backend.Web.csproj", "{D25155BE-4EC8-44CF-8E49-734B0762443B}"
EndProject
Project("{FAE04EC0-301F-11D3-BF4B-00C04F79EFBC}") = "ExamSystem.Backend.Data", "ExamSystem.Backend.Data\ExamSystem.Backend.Data.csproj", "{FBA4A681-8534-4945-85FC-42C44414033F}"
EndProject
Project("{FAE04EC0-301F-11D3-BF4B-00C04F79EFBC}") = "ConsoleApplication1", "ConsoleApplication1\ConsoleApplication1.csproj", "{4BA4F162-F815-4AA7-99DB-11A6B25207F6}"
EndProject
Project("{2150E333-8FDC-42A3-9474-1A3956D46DE8}") = ".nuget", ".nuget", "{70E28F26-C75E-449A-8D18-383B86214EE5}"
	ProjectSection(SolutionItems) = preProject
		.nuget\NuGet.Config = .nuget\NuGet.Config
		.nuget\NuGet.exe = .nuget\NuGet.exe
		.nuget\NuGet.targets = .nuget\NuGet.targets
	EndProjectSection
EndProject
Project("{FAE04EC0-301F-11D3-BF4B-00C04F79EFBC}") = "ExamSystem.Backend.DropboxApi", "ExamSystem.Backend.DropboxApi\ExamSystem.Backend.DropboxApi.csproj", "{FFD64ABA-5379-4BCC-98CE-3DF8CA2720D8}"
EndProject
Global
	GlobalSection(SolutionConfigurationPlatforms) = preSolution
		Debug|Any CPU = Debug|Any CPU
		Release|Any CPU = Release|Any CPU
	EndGlobalSection
	GlobalSection(ProjectConfigurationPlatforms) = postSolution
		{A7D7B205-9EDB-4A51-A37A-BE7DAFDFC09F}.Debug|Any CPU.ActiveCfg = Debug|Any CPU
		{A7D7B205-9EDB-4A51-A37A-BE7DAFDFC09F}.Debug|Any CPU.Build.0 = Debug|Any CPU
		{A7D7B205-9EDB-4A51-A37A-BE7DAFDFC09F}.Release|Any CPU.ActiveCfg = Release|Any CPU
		{A7D7B205-9EDB-4A51-A37A-BE7DAFDFC09F}.Release|Any CPU.Build.0 = Release|Any CPU
		{D25155BE-4EC8-44CF-8E49-734B0762443B}.Debug|Any CPU.ActiveCfg = Debug|Any CPU
		{D25155BE-4EC8-44CF-8E49-734B0762443B}.Debug|Any CPU.Build.0 = Debug|Any CPU
		{D25155BE-4EC8-44CF-8E49-734B0762443B}.Release|Any CPU.ActiveCfg = Release|Any CPU
		{D25155BE-4EC8-44CF-8E49-734B0762443B}.Release|Any CPU.Build.0 = Release|Any CPU
		{FBA4A681-8534-4945-85FC-42C44414033F}.Debug|Any CPU.ActiveCfg = Debug|Any CPU
		{FBA4A681-8534-4945-85FC-42C44414033F}.Debug|Any CPU.Build.0 = Debug|Any CPU
		{FBA4A681-8534-4945-85FC-42C44414033F}.Release|Any CPU.ActiveCfg = Release|Any CPU
		{FBA4A681-8534-4945-85FC-42C44414033F}.Release|Any CPU.Build.0 = Release|Any CPU
		{4BA4F162-F815-4AA7-99DB-11A6B25207F6}.Debug|Any CPU.ActiveCfg = Debug|Any CPU
		{4BA4F162-F815-4AA7-99DB-11A6B25207F6}.Debug|Any CPU.Build.0 = Debug|Any CPU
		{4BA4F162-F815-4AA7-99DB-11A6B25207F6}.Release|Any CPU.ActiveCfg = Release|Any CPU
		{4BA4F162-F815-4AA7-99DB-11A6B25207F6}.Release|Any CPU.Build.0 = Release|Any CPU
		{FFD64ABA-5379-4BCC-98CE-3DF8CA2720D8}.Debug|Any CPU.ActiveCfg = Debug|Any CPU
		{FFD64ABA-5379-4BCC-98CE-3DF8CA2720D8}.Debug|Any CPU.Build.0 = Debug|Any CPU
		{FFD64ABA-5379-4BCC-98CE-3DF8CA2720D8}.Release|Any CPU.ActiveCfg = Release|Any CPU
		{FFD64ABA-5379-4BCC-98CE-3DF8CA2720D8}.Release|Any CPU.Build.0 = Release|Any CPU
	EndGlobalSection
	GlobalSection(SolutionProperties) = preSolution
		HideSolutionNode = FALSE
	EndGlobalSection
EndGlobal
